// !$*UTF8*$!
{
	archiveVersion = 1;
	classes = {
	};
	objectVersion = 56;
	objects = {

/* Begin PBXBuildFile section */
		0CBE64452C6057CD00E8A2FB /* ImageViewApp.swift in Sources */ = {isa = PBXBuildFile; fileRef = 0CBE64442C6057CD00E8A2FB /* ImageViewApp.swift */; };
		0CBE64472C6057CD00E8A2FB /* ContentView.swift in Sources */ = {isa = PBXBuildFile; fileRef = 0CBE64462C6057CD00E8A2FB /* ContentView.swift */; };
		0CBE64492C6057CF00E8A2FB /* Assets.xcassets in Resources */ = {isa = PBXBuildFile; fileRef = 0CBE64482C6057CF00E8A2FB /* Assets.xcassets */; };
		0CBE644C2C6057CF00E8A2FB /* Preview Assets.xcassets in Resources */ = {isa = PBXBuildFile; fileRef = 0CBE644B2C6057CF00E8A2FB /* Preview Assets.xcassets */; };
		0CBE64572C619DF500E8A2FB /* InfoView.swift in Sources */ = {isa = PBXBuildFile; fileRef = 0CBE64562C619DF500E8A2FB /* InfoView.swift */; };
		0CBE645A2C619E1F00E8A2FB /* ContentMode+Extension.swift in Sources */ = {isa = PBXBuildFile; fileRef = 0CBE64592C619E1F00E8A2FB /* ContentMode+Extension.swift */; };
		0CBE645C2C619E3F00E8A2FB /* Image+Extension.swift in Sources */ = {isa = PBXBuildFile; fileRef = 0CBE645B2C619E3F00E8A2FB /* Image+Extension.swift */; };
		0CBE645E2C61ADFF00E8A2FB /* ImageResource+Extension.swift in Sources */ = {isa = PBXBuildFile; fileRef = 0CBE645D2C61ADFF00E8A2FB /* ImageResource+Extension.swift */; };
		0CBE64662C630DF400E8A2FB /* ModifierList.swift in Sources */ = {isa = PBXBuildFile; fileRef = 0CBE64652C630DF400E8A2FB /* ModifierList.swift */; };
		0CBE64682C6321E100E8A2FB /* ResizableView.swift in Sources */ = {isa = PBXBuildFile; fileRef = 0CBE64672C6321E100E8A2FB /* ResizableView.swift */; };
		0CBE646C2C633F9400E8A2FB /* Modifier.swift in Sources */ = {isa = PBXBuildFile; fileRef = 0CBE646B2C633F9400E8A2FB /* Modifier.swift */; };
		0CBE646E2C63474A00E8A2FB /* ScaledToFitView.swift in Sources */ = {isa = PBXBuildFile; fileRef = 0CBE646D2C63474A00E8A2FB /* ScaledToFitView.swift */; };
		0CBE64702C6347C000E8A2FB /* ScaledToFillView.swift in Sources */ = {isa = PBXBuildFile; fileRef = 0CBE646F2C6347C000E8A2FB /* ScaledToFillView.swift */; };
		0CBE64722C63496700E8A2FB /* AspectRatioView.swift in Sources */ = {isa = PBXBuildFile; fileRef = 0CBE64712C63496700E8A2FB /* AspectRatioView.swift */; };
		0CBE64742C63598A00E8A2FB /* FrameView.swift in Sources */ = {isa = PBXBuildFile; fileRef = 0CBE64732C63598A00E8A2FB /* FrameView.swift */; };
		0CBE64762C635B1D00E8A2FB /* ClipShapeView.swift in Sources */ = {isa = PBXBuildFile; fileRef = 0CBE64752C635B1D00E8A2FB /* ClipShapeView.swift */; };
		0CBE64782C63637800E8A2FB /* CornerRadiusView.swift in Sources */ = {isa = PBXBuildFile; fileRef = 0CBE64772C63637800E8A2FB /* CornerRadiusView.swift */; };
		0CBE647A2C6364C000E8A2FB /* OpacityView.swift in Sources */ = {isa = PBXBuildFile; fileRef = 0CBE64792C6364C000E8A2FB /* OpacityView.swift */; };
		0CBE647C2C63684A00E8A2FB /* ShadowView.swift in Sources */ = {isa = PBXBuildFile; fileRef = 0CBE647B2C63684A00E8A2FB /* ShadowView.swift */; };
		0CBE647E2C636BB100E8A2FB /* OverlayView.swift in Sources */ = {isa = PBXBuildFile; fileRef = 0CBE647D2C636BB100E8A2FB /* OverlayView.swift */; };
		0CBE64802C64500B00E8A2FB /* BorderView.swift in Sources */ = {isa = PBXBuildFile; fileRef = 0CBE647F2C64500B00E8A2FB /* BorderView.swift */; };
		0CBE64822C649C7700E8A2FB /* SharedImageView.swift in Sources */ = {isa = PBXBuildFile; fileRef = 0CBE64812C649C7700E8A2FB /* SharedImageView.swift */; };
		0CBE64842C64AFCB00E8A2FB /* BackgroundView.swift in Sources */ = {isa = PBXBuildFile; fileRef = 0CBE64832C64AFCB00E8A2FB /* BackgroundView.swift */; };
		0CBE64862C64B1B500E8A2FB /* BlendModeView.swift in Sources */ = {isa = PBXBuildFile; fileRef = 0CBE64852C64B1B400E8A2FB /* BlendModeView.swift */; };
		0CBE64882C64B64B00E8A2FB /* BrightnessView.swift in Sources */ = {isa = PBXBuildFile; fileRef = 0CBE64872C64B64B00E8A2FB /* BrightnessView.swift */; };
		0CBE648A2C64B86100E8A2FB /* ContrastView.swift in Sources */ = {isa = PBXBuildFile; fileRef = 0CBE64892C64B86100E8A2FB /* ContrastView.swift */; };
		0CBE648C2C64BC0E00E8A2FB /* SaturationView.swift in Sources */ = {isa = PBXBuildFile; fileRef = 0CBE648B2C64BC0E00E8A2FB /* SaturationView.swift */; };
		0CBE648E2C64BDC000E8A2FB /* HueRotationView.swift in Sources */ = {isa = PBXBuildFile; fileRef = 0CBE648D2C64BDC000E8A2FB /* HueRotationView.swift */; };
		0CBE64902C64C00600E8A2FB /* GrayscaleView.swift in Sources */ = {isa = PBXBuildFile; fileRef = 0CBE648F2C64C00600E8A2FB /* GrayscaleView.swift */; };
		0CBE64922C65926C00E8A2FB /* BlurView.swift in Sources */ = {isa = PBXBuildFile; fileRef = 0CBE64912C65926C00E8A2FB /* BlurView.swift */; };
		0CBE64942C6593F000E8A2FB /* RotationEffectView.swift in Sources */ = {isa = PBXBuildFile; fileRef = 0CBE64932C6593F000E8A2FB /* RotationEffectView.swift */; };
		0CBE64962C6597BD00E8A2FB /* UnitPoint+Extension.swift in Sources */ = {isa = PBXBuildFile; fileRef = 0CBE64952C6597BD00E8A2FB /* UnitPoint+Extension.swift */; };
		0CBE64982C6597EC00E8A2FB /* BlendMode+Extension.swift in Sources */ = {isa = PBXBuildFile; fileRef = 0CBE64972C6597EC00E8A2FB /* BlendMode+Extension.swift */; };
		0CBE649A2C65980800E8A2FB /* Alignment+Extension.swift in Sources */ = {isa = PBXBuildFile; fileRef = 0CBE64992C65980800E8A2FB /* Alignment+Extension.swift */; };
/* End PBXBuildFile section */

/* Begin PBXFileReference section */
		0CBE64412C6057CD00E8A2FB /* ImageView.app */ = {isa = PBXFileReference; explicitFileType = wrapper.application; includeInIndex = 0; path = ImageView.app; sourceTree = BUILT_PRODUCTS_DIR; };
		0CBE64442C6057CD00E8A2FB /* ImageViewApp.swift */ = {isa = PBXFileReference; lastKnownFileType = sourcecode.swift; path = ImageViewApp.swift; sourceTree = "<group>"; };
		0CBE64462C6057CD00E8A2FB /* ContentView.swift */ = {isa = PBXFileReference; lastKnownFileType = sourcecode.swift; path = ContentView.swift; sourceTree = "<group>"; };
		0CBE64482C6057CF00E8A2FB /* Assets.xcassets */ = {isa = PBXFileReference; lastKnownFileType = folder.assetcatalog; path = Assets.xcassets; sourceTree = "<group>"; };
		0CBE644B2C6057CF00E8A2FB /* Preview Assets.xcassets */ = {isa = PBXFileReference; lastKnownFileType = folder.assetcatalog; path = "Preview Assets.xcassets"; sourceTree = "<group>"; };
		0CBE64562C619DF500E8A2FB /* InfoView.swift */ = {isa = PBXFileReference; lastKnownFileType = sourcecode.swift; path = InfoView.swift; sourceTree = "<group>"; };
		0CBE64592C619E1F00E8A2FB /* ContentMode+Extension.swift */ = {isa = PBXFileReference; lastKnownFileType = sourcecode.swift; path = "ContentMode+Extension.swift"; sourceTree = "<group>"; };
		0CBE645B2C619E3F00E8A2FB /* Image+Extension.swift */ = {isa = PBXFileReference; lastKnownFileType = sourcecode.swift; path = "Image+Extension.swift"; sourceTree = "<group>"; };
		0CBE645D2C61ADFF00E8A2FB /* ImageResource+Extension.swift */ = {isa = PBXFileReference; lastKnownFileType = sourcecode.swift; path = "ImageResource+Extension.swift"; sourceTree = "<group>"; };
		0CBE64652C630DF400E8A2FB /* ModifierList.swift */ = {isa = PBXFileReference; lastKnownFileType = sourcecode.swift; path = ModifierList.swift; sourceTree = "<group>"; };
		0CBE64672C6321E100E8A2FB /* ResizableView.swift */ = {isa = PBXFileReference; lastKnownFileType = sourcecode.swift; path = ResizableView.swift; sourceTree = "<group>"; };
		0CBE646B2C633F9400E8A2FB /* Modifier.swift */ = {isa = PBXFileReference; lastKnownFileType = sourcecode.swift; path = Modifier.swift; sourceTree = "<group>"; };
		0CBE646D2C63474A00E8A2FB /* ScaledToFitView.swift */ = {isa = PBXFileReference; lastKnownFileType = sourcecode.swift; path = ScaledToFitView.swift; sourceTree = "<group>"; };
		0CBE646F2C6347C000E8A2FB /* ScaledToFillView.swift */ = {isa = PBXFileReference; lastKnownFileType = sourcecode.swift; path = ScaledToFillView.swift; sourceTree = "<group>"; };
		0CBE64712C63496700E8A2FB /* AspectRatioView.swift */ = {isa = PBXFileReference; lastKnownFileType = sourcecode.swift; path = AspectRatioView.swift; sourceTree = "<group>"; };
		0CBE64732C63598A00E8A2FB /* FrameView.swift */ = {isa = PBXFileReference; lastKnownFileType = sourcecode.swift; path = FrameView.swift; sourceTree = "<group>"; };
		0CBE64752C635B1D00E8A2FB /* ClipShapeView.swift */ = {isa = PBXFileReference; lastKnownFileType = sourcecode.swift; path = ClipShapeView.swift; sourceTree = "<group>"; };
		0CBE64772C63637800E8A2FB /* CornerRadiusView.swift */ = {isa = PBXFileReference; lastKnownFileType = sourcecode.swift; path = CornerRadiusView.swift; sourceTree = "<group>"; };
		0CBE64792C6364C000E8A2FB /* OpacityView.swift */ = {isa = PBXFileReference; lastKnownFileType = sourcecode.swift; path = OpacityView.swift; sourceTree = "<group>"; };
		0CBE647B2C63684A00E8A2FB /* ShadowView.swift */ = {isa = PBXFileReference; lastKnownFileType = sourcecode.swift; path = ShadowView.swift; sourceTree = "<group>"; };
		0CBE647D2C636BB100E8A2FB /* OverlayView.swift */ = {isa = PBXFileReference; lastKnownFileType = sourcecode.swift; path = OverlayView.swift; sourceTree = "<group>"; };
		0CBE647F2C64500B00E8A2FB /* BorderView.swift */ = {isa = PBXFileReference; lastKnownFileType = sourcecode.swift; path = BorderView.swift; sourceTree = "<group>"; };
		0CBE64812C649C7700E8A2FB /* SharedImageView.swift */ = {isa = PBXFileReference; lastKnownFileType = sourcecode.swift; path = SharedImageView.swift; sourceTree = "<group>"; };
		0CBE64832C64AFCB00E8A2FB /* BackgroundView.swift */ = {isa = PBXFileReference; lastKnownFileType = sourcecode.swift; path = BackgroundView.swift; sourceTree = "<group>"; };
		0CBE64852C64B1B400E8A2FB /* BlendModeView.swift */ = {isa = PBXFileReference; lastKnownFileType = sourcecode.swift; path = BlendModeView.swift; sourceTree = "<group>"; };
		0CBE64872C64B64B00E8A2FB /* BrightnessView.swift */ = {isa = PBXFileReference; lastKnownFileType = sourcecode.swift; path = BrightnessView.swift; sourceTree = "<group>"; };
		0CBE64892C64B86100E8A2FB /* ContrastView.swift */ = {isa = PBXFileReference; lastKnownFileType = sourcecode.swift; path = ContrastView.swift; sourceTree = "<group>"; };
		0CBE648B2C64BC0E00E8A2FB /* SaturationView.swift */ = {isa = PBXFileReference; lastKnownFileType = sourcecode.swift; path = SaturationView.swift; sourceTree = "<group>"; };
		0CBE648D2C64BDC000E8A2FB /* HueRotationView.swift */ = {isa = PBXFileReference; lastKnownFileType = sourcecode.swift; path = HueRotationView.swift; sourceTree = "<group>"; };
		0CBE648F2C64C00600E8A2FB /* GrayscaleView.swift */ = {isa = PBXFileReference; lastKnownFileType = sourcecode.swift; path = GrayscaleView.swift; sourceTree = "<group>"; };
		0CBE64912C65926C00E8A2FB /* BlurView.swift */ = {isa = PBXFileReference; lastKnownFileType = sourcecode.swift; path = BlurView.swift; sourceTree = "<group>"; };
		0CBE64932C6593F000E8A2FB /* RotationEffectView.swift */ = {isa = PBXFileReference; lastKnownFileType = sourcecode.swift; path = RotationEffectView.swift; sourceTree = "<group>"; };
		0CBE64952C6597BD00E8A2FB /* UnitPoint+Extension.swift */ = {isa = PBXFileReference; lastKnownFileType = sourcecode.swift; path = "UnitPoint+Extension.swift"; sourceTree = "<group>"; };
		0CBE64972C6597EC00E8A2FB /* BlendMode+Extension.swift */ = {isa = PBXFileReference; lastKnownFileType = sourcecode.swift; path = "BlendMode+Extension.swift"; sourceTree = "<group>"; };
		0CBE64992C65980800E8A2FB /* Alignment+Extension.swift */ = {isa = PBXFileReference; lastKnownFileType = sourcecode.swift; path = "Alignment+Extension.swift"; sourceTree = "<group>"; };
/* End PBXFileReference section */

/* Begin PBXFrameworksBuildPhase section */
		0CBE643E2C6057CD00E8A2FB /* Frameworks */ = {
			isa = PBXFrameworksBuildPhase;
			buildActionMask = 2147483647;
			files = (
			);
			runOnlyForDeploymentPostprocessing = 0;
		};
/* End PBXFrameworksBuildPhase section */

/* Begin PBXGroup section */
		0CBE64382C6057CD00E8A2FB = {
			isa = PBXGroup;
			children = (
				0CBE64432C6057CD00E8A2FB /* ImageView */,
				0CBE64422C6057CD00E8A2FB /* Products */,
			);
			sourceTree = "<group>";
		};
		0CBE64422C6057CD00E8A2FB /* Products */ = {
			isa = PBXGroup;
			children = (
				0CBE64412C6057CD00E8A2FB /* ImageView.app */,
			);
			name = Products;
			sourceTree = "<group>";
		};
		0CBE64432C6057CD00E8A2FB /* ImageView */ = {
			isa = PBXGroup;
			children = (
				0CBE64582C619E0200E8A2FB /* Helpers */,
				0CBE64442C6057CD00E8A2FB /* ImageViewApp.swift */,
				0CBE64462C6057CD00E8A2FB /* ContentView.swift */,
				0CBE64652C630DF400E8A2FB /* ModifierList.swift */,
				0CBE64692C63225500E8A2FB /* Modifiers */,
				0CBE64622C61B6DE00E8A2FB /* Shared View */,
				0CBE64482C6057CF00E8A2FB /* Assets.xcassets */,
				0CBE644A2C6057CF00E8A2FB /* Preview Content */,
			);
			path = ImageView;
			sourceTree = "<group>";
		};
		0CBE644A2C6057CF00E8A2FB /* Preview Content */ = {
			isa = PBXGroup;
			children = (
				0CBE644B2C6057CF00E8A2FB /* Preview Assets.xcassets */,
			);
			path = "Preview Content";
			sourceTree = "<group>";
		};
		0CBE64582C619E0200E8A2FB /* Helpers */ = {
			isa = PBXGroup;
			children = (
				0CBE64592C619E1F00E8A2FB /* ContentMode+Extension.swift */,
				0CBE645B2C619E3F00E8A2FB /* Image+Extension.swift */,
				0CBE645D2C61ADFF00E8A2FB /* ImageResource+Extension.swift */,
				0CBE64952C6597BD00E8A2FB /* UnitPoint+Extension.swift */,
				0CBE64972C6597EC00E8A2FB /* BlendMode+Extension.swift */,
				0CBE64992C65980800E8A2FB /* Alignment+Extension.swift */,
			);
			path = Helpers;
			sourceTree = "<group>";
		};
		0CBE64622C61B6DE00E8A2FB /* Shared View */ = {
			isa = PBXGroup;
			children = (
				0CBE64562C619DF500E8A2FB /* InfoView.swift */,
				0CBE64812C649C7700E8A2FB /* SharedImageView.swift */,
			);
			path = "Shared View";
			sourceTree = "<group>";
		};
		0CBE64692C63225500E8A2FB /* Modifiers */ = {
			isa = PBXGroup;
			children = (
				0CBE646B2C633F9400E8A2FB /* Modifier.swift */,
				0CBE64672C6321E100E8A2FB /* ResizableView.swift */,
				0CBE646D2C63474A00E8A2FB /* ScaledToFitView.swift */,
				0CBE646F2C6347C000E8A2FB /* ScaledToFillView.swift */,
				0CBE64712C63496700E8A2FB /* AspectRatioView.swift */,
				0CBE64732C63598A00E8A2FB /* FrameView.swift */,
				0CBE64752C635B1D00E8A2FB /* ClipShapeView.swift */,
				0CBE64772C63637800E8A2FB /* CornerRadiusView.swift */,
				0CBE64792C6364C000E8A2FB /* OpacityView.swift */,
				0CBE647B2C63684A00E8A2FB /* ShadowView.swift */,
				0CBE647D2C636BB100E8A2FB /* OverlayView.swift */,
				0CBE647F2C64500B00E8A2FB /* BorderView.swift */,
				0CBE64832C64AFCB00E8A2FB /* BackgroundView.swift */,
				0CBE64852C64B1B400E8A2FB /* BlendModeView.swift */,
				0CBE64872C64B64B00E8A2FB /* BrightnessView.swift */,
				0CBE64892C64B86100E8A2FB /* ContrastView.swift */,
				0CBE648B2C64BC0E00E8A2FB /* SaturationView.swift */,
				0CBE648D2C64BDC000E8A2FB /* HueRotationView.swift */,
				0CBE648F2C64C00600E8A2FB /* GrayscaleView.swift */,
				0CBE64912C65926C00E8A2FB /* BlurView.swift */,
				0CBE64932C6593F000E8A2FB /* RotationEffectView.swift */,
			);
			path = Modifiers;
			sourceTree = "<group>";
		};
/* End PBXGroup section */

/* Begin PBXNativeTarget section */
		0CBE64402C6057CD00E8A2FB /* ImageView */ = {
			isa = PBXNativeTarget;
			buildConfigurationList = 0CBE644F2C6057CF00E8A2FB /* Build configuration list for PBXNativeTarget "ImageView" */;
			buildPhases = (
				0CBE643D2C6057CD00E8A2FB /* Sources */,
				0CBE643E2C6057CD00E8A2FB /* Frameworks */,
				0CBE643F2C6057CD00E8A2FB /* Resources */,
			);
			buildRules = (
			);
			dependencies = (
			);
			name = ImageView;
			productName = ImageView;
			productReference = 0CBE64412C6057CD00E8A2FB /* ImageView.app */;
			productType = "com.apple.product-type.application";
		};
/* End PBXNativeTarget section */

/* Begin PBXProject section */
		0CBE64392C6057CD00E8A2FB /* Project object */ = {
			isa = PBXProject;
			attributes = {
				BuildIndependentTargetsInParallel = 1;
				LastSwiftUpdateCheck = 1530;
				LastUpgradeCheck = 1530;
				TargetAttributes = {
					0CBE64402C6057CD00E8A2FB = {
						CreatedOnToolsVersion = 15.3;
					};
				};
			};
			buildConfigurationList = 0CBE643C2C6057CD00E8A2FB /* Build configuration list for PBXProject "ImageView" */;
			compatibilityVersion = "Xcode 14.0";
			developmentRegion = en;
			hasScannedForEncodings = 0;
			knownRegions = (
				en,
				Base,
			);
			mainGroup = 0CBE64382C6057CD00E8A2FB;
			productRefGroup = 0CBE64422C6057CD00E8A2FB /* Products */;
			projectDirPath = "";
			projectRoot = "";
			targets = (
				0CBE64402C6057CD00E8A2FB /* ImageView */,
			);
		};
/* End PBXProject section */

/* Begin PBXResourcesBuildPhase section */
		0CBE643F2C6057CD00E8A2FB /* Resources */ = {
			isa = PBXResourcesBuildPhase;
			buildActionMask = 2147483647;
			files = (
				0CBE644C2C6057CF00E8A2FB /* Preview Assets.xcassets in Resources */,
				0CBE64492C6057CF00E8A2FB /* Assets.xcassets in Resources */,
			);
			runOnlyForDeploymentPostprocessing = 0;
		};
/* End PBXResourcesBuildPhase section */

/* Begin PBXSourcesBuildPhase section */
		0CBE643D2C6057CD00E8A2FB /* Sources */ = {
			isa = PBXSourcesBuildPhase;
			buildActionMask = 2147483647;
			files = (
				0CBE647A2C6364C000E8A2FB /* OpacityView.swift in Sources */,
				0CBE64922C65926C00E8A2FB /* BlurView.swift in Sources */,
				0CBE64662C630DF400E8A2FB /* ModifierList.swift in Sources */,
				0CBE64782C63637800E8A2FB /* CornerRadiusView.swift in Sources */,
				0CBE64842C64AFCB00E8A2FB /* BackgroundView.swift in Sources */,
				0CBE645C2C619E3F00E8A2FB /* Image+Extension.swift in Sources */,
				0CBE64702C6347C000E8A2FB /* ScaledToFillView.swift in Sources */,
				0CBE648C2C64BC0E00E8A2FB /* SaturationView.swift in Sources */,
				0CBE648A2C64B86100E8A2FB /* ContrastView.swift in Sources */,
				0CBE645E2C61ADFF00E8A2FB /* ImageResource+Extension.swift in Sources */,
				0CBE64472C6057CD00E8A2FB /* ContentView.swift in Sources */,
				0CBE64982C6597EC00E8A2FB /* BlendMode+Extension.swift in Sources */,
				0CBE646E2C63474A00E8A2FB /* ScaledToFitView.swift in Sources */,
				0CBE648E2C64BDC000E8A2FB /* HueRotationView.swift in Sources */,
				0CBE64882C64B64B00E8A2FB /* BrightnessView.swift in Sources */,
				0CBE64962C6597BD00E8A2FB /* UnitPoint+Extension.swift in Sources */,
				0CBE64942C6593F000E8A2FB /* RotationEffectView.swift in Sources */,
				0CBE64802C64500B00E8A2FB /* BorderView.swift in Sources */,
				0CBE645A2C619E1F00E8A2FB /* ContentMode+Extension.swift in Sources */,
				0CBE647E2C636BB100E8A2FB /* OverlayView.swift in Sources */,
				0CBE64762C635B1D00E8A2FB /* ClipShapeView.swift in Sources */,
				0CBE646C2C633F9400E8A2FB /* Modifier.swift in Sources */,
				0CBE64822C649C7700E8A2FB /* SharedImageView.swift in Sources */,
				0CBE64902C64C00600E8A2FB /* GrayscaleView.swift in Sources */,
				0CBE64862C64B1B500E8A2FB /* BlendModeView.swift in Sources */,
				0CBE64452C6057CD00E8A2FB /* ImageViewApp.swift in Sources */,
				0CBE64722C63496700E8A2FB /* AspectRatioView.swift in Sources */,
				0CBE649A2C65980800E8A2FB /* Alignment+Extension.swift in Sources */,
				0CBE64682C6321E100E8A2FB /* ResizableView.swift in Sources */,
				0CBE64742C63598A00E8A2FB /* FrameView.swift in Sources */,
				0CBE647C2C63684A00E8A2FB /* ShadowView.swift in Sources */,
				0CBE64572C619DF500E8A2FB /* InfoView.swift in Sources */,
			);
			runOnlyForDeploymentPostprocessing = 0;
		};
/* End PBXSourcesBuildPhase section */

/* Begin XCBuildConfiguration section */
		0CBE644D2C6057CF00E8A2FB /* Debug */ = {
			isa = XCBuildConfiguration;
			buildSettings = {
				ALWAYS_SEARCH_USER_PATHS = NO;
				ASSETCATALOG_COMPILER_GENERATE_SWIFT_ASSET_SYMBOL_EXTENSIONS = YES;
				CLANG_ANALYZER_NONNULL = YES;
				CLANG_ANALYZER_NUMBER_OBJECT_CONVERSION = YES_AGGRESSIVE;
				CLANG_CXX_LANGUAGE_STANDARD = "gnu++20";
				CLANG_ENABLE_MODULES = YES;
				CLANG_ENABLE_OBJC_ARC = YES;
				CLANG_ENABLE_OBJC_WEAK = YES;
				CLANG_WARN_BLOCK_CAPTURE_AUTORELEASING = YES;
				CLANG_WARN_BOOL_CONVERSION = YES;
				CLANG_WARN_COMMA = YES;
				CLANG_WARN_CONSTANT_CONVERSION = YES;
				CLANG_WARN_DEPRECATED_OBJC_IMPLEMENTATIONS = YES;
				CLANG_WARN_DIRECT_OBJC_ISA_USAGE = YES_ERROR;
				CLANG_WARN_DOCUMENTATION_COMMENTS = YES;
				CLANG_WARN_EMPTY_BODY = YES;
				CLANG_WARN_ENUM_CONVERSION = YES;
				CLANG_WARN_INFINITE_RECURSION = YES;
				CLANG_WARN_INT_CONVERSION = YES;
				CLANG_WARN_NON_LITERAL_NULL_CONVERSION = YES;
				CLANG_WARN_OBJC_IMPLICIT_RETAIN_SELF = YES;
				CLANG_WARN_OBJC_LITERAL_CONVERSION = YES;
				CLANG_WARN_OBJC_ROOT_CLASS = YES_ERROR;
				CLANG_WARN_QUOTED_INCLUDE_IN_FRAMEWORK_HEADER = YES;
				CLANG_WARN_RANGE_LOOP_ANALYSIS = YES;
				CLANG_WARN_STRICT_PROTOTYPES = YES;
				CLANG_WARN_SUSPICIOUS_MOVE = YES;
				CLANG_WARN_UNGUARDED_AVAILABILITY = YES_AGGRESSIVE;
				CLANG_WARN_UNREACHABLE_CODE = YES;
				CLANG_WARN__DUPLICATE_METHOD_MATCH = YES;
				COPY_PHASE_STRIP = NO;
				DEBUG_INFORMATION_FORMAT = dwarf;
				ENABLE_STRICT_OBJC_MSGSEND = YES;
				ENABLE_TESTABILITY = YES;
				ENABLE_USER_SCRIPT_SANDBOXING = YES;
				GCC_C_LANGUAGE_STANDARD = gnu17;
				GCC_DYNAMIC_NO_PIC = NO;
				GCC_NO_COMMON_BLOCKS = YES;
				GCC_OPTIMIZATION_LEVEL = 0;
				GCC_PREPROCESSOR_DEFINITIONS = (
					"DEBUG=1",
					"$(inherited)",
				);
				GCC_WARN_64_TO_32_BIT_CONVERSION = YES;
				GCC_WARN_ABOUT_RETURN_TYPE = YES_ERROR;
				GCC_WARN_UNDECLARED_SELECTOR = YES;
				GCC_WARN_UNINITIALIZED_AUTOS = YES_AGGRESSIVE;
				GCC_WARN_UNUSED_FUNCTION = YES;
				GCC_WARN_UNUSED_VARIABLE = YES;
				IPHONEOS_DEPLOYMENT_TARGET = 17.4;
				LOCALIZATION_PREFERS_STRING_CATALOGS = YES;
				MTL_ENABLE_DEBUG_INFO = INCLUDE_SOURCE;
				MTL_FAST_MATH = YES;
				ONLY_ACTIVE_ARCH = YES;
				SDKROOT = iphoneos;
				SWIFT_ACTIVE_COMPILATION_CONDITIONS = "DEBUG $(inherited)";
				SWIFT_OPTIMIZATION_LEVEL = "-Onone";
			};
			name = Debug;
		};
		0CBE644E2C6057CF00E8A2FB /* Release */ = {
			isa = XCBuildConfiguration;
			buildSettings = {
				ALWAYS_SEARCH_USER_PATHS = NO;
				ASSETCATALOG_COMPILER_GENERATE_SWIFT_ASSET_SYMBOL_EXTENSIONS = YES;
				CLANG_ANALYZER_NONNULL = YES;
				CLANG_ANALYZER_NUMBER_OBJECT_CONVERSION = YES_AGGRESSIVE;
				CLANG_CXX_LANGUAGE_STANDARD = "gnu++20";
				CLANG_ENABLE_MODULES = YES;
				CLANG_ENABLE_OBJC_ARC = YES;
				CLANG_ENABLE_OBJC_WEAK = YES;
				CLANG_WARN_BLOCK_CAPTURE_AUTORELEASING = YES;
				CLANG_WARN_BOOL_CONVERSION = YES;
				CLANG_WARN_COMMA = YES;
				CLANG_WARN_CONSTANT_CONVERSION = YES;
				CLANG_WARN_DEPRECATED_OBJC_IMPLEMENTATIONS = YES;
				CLANG_WARN_DIRECT_OBJC_ISA_USAGE = YES_ERROR;
				CLANG_WARN_DOCUMENTATION_COMMENTS = YES;
				CLANG_WARN_EMPTY_BODY = YES;
				CLANG_WARN_ENUM_CONVERSION = YES;
				CLANG_WARN_INFINITE_RECURSION = YES;
				CLANG_WARN_INT_CONVERSION = YES;
				CLANG_WARN_NON_LITERAL_NULL_CONVERSION = YES;
				CLANG_WARN_OBJC_IMPLICIT_RETAIN_SELF = YES;
				CLANG_WARN_OBJC_LITERAL_CONVERSION = YES;
				CLANG_WARN_OBJC_ROOT_CLASS = YES_ERROR;
				CLANG_WARN_QUOTED_INCLUDE_IN_FRAMEWORK_HEADER = YES;
				CLANG_WARN_RANGE_LOOP_ANALYSIS = YES;
				CLANG_WARN_STRICT_PROTOTYPES = YES;
				CLANG_WARN_SUSPICIOUS_MOVE = YES;
				CLANG_WARN_UNGUARDED_AVAILABILITY = YES_AGGRESSIVE;
				CLANG_WARN_UNREACHABLE_CODE = YES;
				CLANG_WARN__DUPLICATE_METHOD_MATCH = YES;
				COPY_PHASE_STRIP = NO;
				DEBUG_INFORMATION_FORMAT = "dwarf-with-dsym";
				ENABLE_NS_ASSERTIONS = NO;
				ENABLE_STRICT_OBJC_MSGSEND = YES;
				ENABLE_USER_SCRIPT_SANDBOXING = YES;
				GCC_C_LANGUAGE_STANDARD = gnu17;
				GCC_NO_COMMON_BLOCKS = YES;
				GCC_WARN_64_TO_32_BIT_CONVERSION = YES;
				GCC_WARN_ABOUT_RETURN_TYPE = YES_ERROR;
				GCC_WARN_UNDECLARED_SELECTOR = YES;
				GCC_WARN_UNINITIALIZED_AUTOS = YES_AGGRESSIVE;
				GCC_WARN_UNUSED_FUNCTION = YES;
				GCC_WARN_UNUSED_VARIABLE = YES;
				IPHONEOS_DEPLOYMENT_TARGET = 17.4;
				LOCALIZATION_PREFERS_STRING_CATALOGS = YES;
				MTL_ENABLE_DEBUG_INFO = NO;
				MTL_FAST_MATH = YES;
				SDKROOT = iphoneos;
				SWIFT_COMPILATION_MODE = wholemodule;
				VALIDATE_PRODUCT = YES;
			};
			name = Release;
		};
		0CBE64502C6057CF00E8A2FB /* Debug */ = {
			isa = XCBuildConfiguration;
			buildSettings = {
				ASSETCATALOG_COMPILER_APPICON_NAME = AppIcon;
				ASSETCATALOG_COMPILER_GLOBAL_ACCENT_COLOR_NAME = AccentColor;
				CODE_SIGN_STYLE = Automatic;
				CURRENT_PROJECT_VERSION = 1;
				DEVELOPMENT_ASSET_PATHS = "\"ImageView/Preview Content\"";
				DEVELOPMENT_TEAM = MR2ZB5DPXA;
				ENABLE_PREVIEWS = YES;
				GENERATE_INFOPLIST_FILE = YES;
				INFOPLIST_KEY_UIApplicationSceneManifest_Generation = YES;
				INFOPLIST_KEY_UIApplicationSupportsIndirectInputEvents = YES;
				INFOPLIST_KEY_UILaunchScreen_Generation = YES;
				INFOPLIST_KEY_UISupportedInterfaceOrientations_iPad = "UIInterfaceOrientationPortrait UIInterfaceOrientationPortraitUpsideDown UIInterfaceOrientationLandscapeLeft UIInterfaceOrientationLandscapeRight";
				INFOPLIST_KEY_UISupportedInterfaceOrientations_iPhone = "UIInterfaceOrientationPortrait UIInterfaceOrientationLandscapeLeft UIInterfaceOrientationLandscapeRight";
				LD_RUNPATH_SEARCH_PATHS = (
					"$(inherited)",
					"@executable_path/Frameworks",
				);
				MARKETING_VERSION = 1.0;
				PRODUCT_BUNDLE_IDENTIFIER = com.yowoo.ImageView;
				PRODUCT_NAME = "$(TARGET_NAME)";
				SWIFT_EMIT_LOC_STRINGS = YES;
				SWIFT_VERSION = 5.0;
				TARGETED_DEVICE_FAMILY = "1,2";
			};
			name = Debug;
		};
		0CBE64512C6057CF00E8A2FB /* Release */ = {
			isa = XCBuildConfiguration;
			buildSettings = {
				ASSETCATALOG_COMPILER_APPICON_NAME = AppIcon;
				ASSETCATALOG_COMPILER_GLOBAL_ACCENT_COLOR_NAME = AccentColor;
				CODE_SIGN_STYLE = Automatic;
				CURRENT_PROJECT_VERSION = 1;
				DEVELOPMENT_ASSET_PATHS = "\"ImageView/Preview Content\"";
				DEVELOPMENT_TEAM = MR2ZB5DPXA;
				ENABLE_PREVIEWS = YES;
				GENERATE_INFOPLIST_FILE = YES;
				INFOPLIST_KEY_UIApplicationSceneManifest_Generation = YES;
				INFOPLIST_KEY_UIApplicationSupportsIndirectInputEvents = YES;
				INFOPLIST_KEY_UILaunchScreen_Generation = YES;
				INFOPLIST_KEY_UISupportedInterfaceOrientations_iPad = "UIInterfaceOrientationPortrait UIInterfaceOrientationPortraitUpsideDown UIInterfaceOrientationLandscapeLeft UIInterfaceOrientationLandscapeRight";
				INFOPLIST_KEY_UISupportedInterfaceOrientations_iPhone = "UIInterfaceOrientationPortrait UIInterfaceOrientationLandscapeLeft UIInterfaceOrientationLandscapeRight";
				LD_RUNPATH_SEARCH_PATHS = (
					"$(inherited)",
					"@executable_path/Frameworks",
				);
				MARKETING_VERSION = 1.0;
				PRODUCT_BUNDLE_IDENTIFIER = com.yowoo.ImageView;
				PRODUCT_NAME = "$(TARGET_NAME)";
				SWIFT_EMIT_LOC_STRINGS = YES;
				SWIFT_VERSION = 5.0;
				TARGETED_DEVICE_FAMILY = "1,2";
			};
			name = Release;
		};
/* End XCBuildConfiguration section */

/* Begin XCConfigurationList section */
		0CBE643C2C6057CD00E8A2FB /* Build configuration list for PBXProject "ImageView" */ = {
			isa = XCConfigurationList;
			buildConfigurations = (
				0CBE644D2C6057CF00E8A2FB /* Debug */,
				0CBE644E2C6057CF00E8A2FB /* Release */,
			);
			defaultConfigurationIsVisible = 0;
			defaultConfigurationName = Release;
		};
		0CBE644F2C6057CF00E8A2FB /* Build configuration list for PBXNativeTarget "ImageView" */ = {
			isa = XCConfigurationList;
			buildConfigurations = (
				0CBE64502C6057CF00E8A2FB /* Debug */,
				0CBE64512C6057CF00E8A2FB /* Release */,
			);
			defaultConfigurationIsVisible = 0;
			defaultConfigurationName = Release;
		};
/* End XCConfigurationList section */
	};
	rootObject = 0CBE64392C6057CD00E8A2FB /* Project object */;
}
